
Microsoft Visual Studio Solution File, Format Version 12.00
# Visual Studio Version 17
VisualStudioVersion = 17.1.32210.238
MinimumVisualStudioVersion = 10.0.40219.1
Project("{FAE04EC0-301F-11D3-BF4B-00C04F79EFBC}") = "Sucesiones", "Sucesiones.csproj", "{42B1786E-87A5-45C2-84A6-F352B40395A0}"
EndProject
Project("{2150E333-8FDC-42A3-9474-1A3956D46DE8}") = "Solution Items", "Solution Items", "{A94F39CB-638E-4A7A-88F7-663FAFB7ED9E}"
EndProject
Global
	GlobalSection(SolutionConfigurationPlatforms) = preSolution
		Debug|Any CPU = Debug|Any CPU
		Release|Any CPU = Release|Any CPU
	EndGlobalSection
	GlobalSection(ProjectConfigurationPlatforms) = postSolution
		{42B1786E-87A5-45C2-84A6-F352B40395A0}.Debug|Any CPU.ActiveCfg = Debug|Any CPU
		{42B1786E-87A5-45C2-84A6-F352B40395A0}.Debug|Any CPU.Build.0 = Debug|Any CPU
		{42B1786E-87A5-45C2-84A6-F352B40395A0}.Release|Any CPU.ActiveCfg = Release|Any CPU
		{42B1786E-87A5-45C2-84A6-F352B40395A0}.Release|Any CPU.Build.0 = Release|Any CPU
	EndGlobalSection
	GlobalSection(SolutionProperties) = preSolution
		HideSolutionNode = FALSE
	EndGlobalSection
	GlobalSection(ExtensibilityGlobals) = postSolution
		SolutionGuid = {0E40AD90-FE02-4DCA-BAC8-84FAE3629CC3}
	EndGlobalSection
EndGlobal
